
Microsoft Visual Studio Solution File, Format Version 12.00
# Visual Studio Version 16
VisualStudioVersion = 16.0.30717.126
MinimumVisualStudioVersion = 10.0.40219.1
Project("{9A19103F-16F7-4668-BE54-9A1E7A4F7556}") = "ToDoList.Core", "src\ToDoList.Core\ToDoList.Core.csproj", "{7EE21D7F-EDC8-4191-B227-1837D4979B16}"
EndProject
Project("{9A19103F-16F7-4668-BE54-9A1E7A4F7556}") = "ToDoList.SharedKernel", "src\ToDoList.SharedKernel\ToDoList.SharedKernel.csproj", "{9F6A8698-A0C9-41BD-A2F9-CAEA436C7597}"
EndProject
Project("{9A19103F-16F7-4668-BE54-9A1E7A4F7556}") = "ToDoList.Infrastructure", "src\ToDoList.Infrastructure\ToDoList.Infrastructure.csproj", "{7D8F1F81-9E2E-4AEF-8EF9-EF37604F67E2}"
EndProject
Project("{9A19103F-16F7-4668-BE54-9A1E7A4F7556}") = "ToDoList.WebApi", "src\ToDoList.WebApi\ToDoList.WebApi.csproj", "{F2CC14AB-098A-4AAE-BDCF-DAE96E58E084}"
EndProject
Project("{9A19103F-16F7-4668-BE54-9A1E7A4F7556}") = "ToDoList.MvcClient", "src\ToDoList.MvcClient\ToDoList.MvcClient.csproj", "{F8F429D1-3ED6-4A31-9396-15BF297B16C1}"
EndProject
Project("{2150E333-8FDC-42A3-9474-1A3956D46DE8}") = "Solution Items", "Solution Items", "{7505A07E-37C5-47BC-9099-E714DF5F3116}"
	ProjectSection(SolutionItems) = preProject
		.editorconfig = .editorconfig
		.runsettings = .runsettings
		docker-compose.yml = docker-compose.yml
	EndProjectSection
EndProject
Project("{9A19103F-16F7-4668-BE54-9A1E7A4F7556}") = "Core.Tests", "tests\ToDoList.UnitTests\Core.Tests\Core.Tests.csproj", "{FEB3B430-AA33-4986-BC19-E22FDFC47A2C}"
EndProject
Project("{9A19103F-16F7-4668-BE54-9A1E7A4F7556}") = "MvcClient.Tests", "tests\ToDoList.UnitTests\MvcClient.Tests\MvcClient.Tests.csproj", "{F4F7949D-3D90-424D-81DE-A0C1C7955B42}"
EndProject
Project("{9A19103F-16F7-4668-BE54-9A1E7A4F7556}") = "ToDoList.Extensions", "src\ToDoList.Extensions\ToDoList.Extensions.csproj", "{79FB0912-E336-4081-A934-14EDB2BA90EA}"
EndProject
Project("{9A19103F-16F7-4668-BE54-9A1E7A4F7556}") = "WebApi.Tests", "tests\ToDoList.UnitTests\WebApi.Tests\WebApi.Tests.csproj", "{CE90B856-38FB-485E-B1F3-FA9BE4FD888F}"
EndProject
Project("{E53339B2-1760-4266-BCC7-CA923CBCF16C}") = "docker-compose", "docker-compose.dcproj", "{A2AA9619-062B-4938-9DF7-29D79EE5811D}"
EndProject
Project("{9A19103F-16F7-4668-BE54-9A1E7A4F7556}") = "ToDoList.Diagnostic", "src\ToDoList.Diagnostic\ToDoList.Diagnostic.csproj", "{DC778D96-85FB-47CC-9968-23BD0B42D85D}"
EndProject
Project("{9A19103F-16F7-4668-BE54-9A1E7A4F7556}") = "Extensions.Tests", "tests\ToDoList.UnitTests\Extensions.Tests\Extensions.Tests.csproj", "{104E01B6-B934-43BF-8812-9AB0CDC2BEEB}"
EndProject
Project("{9A19103F-16F7-4668-BE54-9A1E7A4F7556}") = "ToDoList.SharedClientLibrary", "src\ToDoList.SharedClientLibrary\ToDoList.SharedClientLibrary.csproj", "{96B14C7B-B5D9-4349-AF46-DA0614A3EBEE}"
EndProject
Project("{2150E333-8FDC-42A3-9474-1A3956D46DE8}") = "Clients", "Clients", "{C9EAD301-6235-4841-8F37-3E8CAB6CC43B}"
EndProject
Project("{2150E333-8FDC-42A3-9474-1A3956D46DE8}") = "Tests", "Tests", "{991BBFCC-FFB6-4221-A53F-FB8FD9A58B93}"
EndProject
Project("{2150E333-8FDC-42A3-9474-1A3956D46DE8}") = "Api", "Api", "{5801CC07-27E1-4555-BA30-74901D4D78B8}"
EndProject
Project("{2150E333-8FDC-42A3-9474-1A3956D46DE8}") = "Core", "Core", "{504F9367-5B48-4097-99B1-99D8B0C42047}"
EndProject
Project("{2150E333-8FDC-42A3-9474-1A3956D46DE8}") = "Misc", "Misc", "{EE6931A2-00E4-4815-B242-1181DD42E6A3}"
EndProject
Project("{9A19103F-16F7-4668-BE54-9A1E7A4F7556}") = "ToDoList.BlazorClient", "src\ToDoList.BlazorClient\ToDoList.BlazorClient.csproj", "{536EF672-2F27-4810-BC50-84D7FE9076CD}"
EndProject
Global
	GlobalSection(SolutionConfigurationPlatforms) = preSolution
		Debug|Any CPU = Debug|Any CPU
		Release|Any CPU = Release|Any CPU
	EndGlobalSection
	GlobalSection(ProjectConfigurationPlatforms) = postSolution
		{7EE21D7F-EDC8-4191-B227-1837D4979B16}.Debug|Any CPU.ActiveCfg = Debug|Any CPU
		{7EE21D7F-EDC8-4191-B227-1837D4979B16}.Debug|Any CPU.Build.0 = Debug|Any CPU
		{7EE21D7F-EDC8-4191-B227-1837D4979B16}.Release|Any CPU.ActiveCfg = Release|Any CPU
		{7EE21D7F-EDC8-4191-B227-1837D4979B16}.Release|Any CPU.Build.0 = Release|Any CPU
		{9F6A8698-A0C9-41BD-A2F9-CAEA436C7597}.Debug|Any CPU.ActiveCfg = Debug|Any CPU
		{9F6A8698-A0C9-41BD-A2F9-CAEA436C7597}.Debug|Any CPU.Build.0 = Debug|Any CPU
		{9F6A8698-A0C9-41BD-A2F9-CAEA436C7597}.Release|Any CPU.ActiveCfg = Release|Any CPU
		{9F6A8698-A0C9-41BD-A2F9-CAEA436C7597}.Release|Any CPU.Build.0 = Release|Any CPU
		{7D8F1F81-9E2E-4AEF-8EF9-EF37604F67E2}.Debug|Any CPU.ActiveCfg = Debug|Any CPU
		{7D8F1F81-9E2E-4AEF-8EF9-EF37604F67E2}.Debug|Any CPU.Build.0 = Debug|Any CPU
		{7D8F1F81-9E2E-4AEF-8EF9-EF37604F67E2}.Release|Any CPU.ActiveCfg = Release|Any CPU
		{7D8F1F81-9E2E-4AEF-8EF9-EF37604F67E2}.Release|Any CPU.Build.0 = Release|Any CPU
		{F2CC14AB-098A-4AAE-BDCF-DAE96E58E084}.Debug|Any CPU.ActiveCfg = Debug|Any CPU
		{F2CC14AB-098A-4AAE-BDCF-DAE96E58E084}.Debug|Any CPU.Build.0 = Debug|Any CPU
		{F2CC14AB-098A-4AAE-BDCF-DAE96E58E084}.Release|Any CPU.ActiveCfg = Release|Any CPU
		{F2CC14AB-098A-4AAE-BDCF-DAE96E58E084}.Release|Any CPU.Build.0 = Release|Any CPU
		{F8F429D1-3ED6-4A31-9396-15BF297B16C1}.Debug|Any CPU.ActiveCfg = Debug|Any CPU
		{F8F429D1-3ED6-4A31-9396-15BF297B16C1}.Debug|Any CPU.Build.0 = Debug|Any CPU
		{F8F429D1-3ED6-4A31-9396-15BF297B16C1}.Release|Any CPU.ActiveCfg = Release|Any CPU
		{F8F429D1-3ED6-4A31-9396-15BF297B16C1}.Release|Any CPU.Build.0 = Release|Any CPU
		{FEB3B430-AA33-4986-BC19-E22FDFC47A2C}.Debug|Any CPU.ActiveCfg = Debug|Any CPU
		{FEB3B430-AA33-4986-BC19-E22FDFC47A2C}.Debug|Any CPU.Build.0 = Debug|Any CPU
		{FEB3B430-AA33-4986-BC19-E22FDFC47A2C}.Release|Any CPU.ActiveCfg = Release|Any CPU
		{FEB3B430-AA33-4986-BC19-E22FDFC47A2C}.Release|Any CPU.Build.0 = Release|Any CPU
		{F4F7949D-3D90-424D-81DE-A0C1C7955B42}.Debug|Any CPU.ActiveCfg = Debug|Any CPU
		{F4F7949D-3D90-424D-81DE-A0C1C7955B42}.Debug|Any CPU.Build.0 = Debug|Any CPU
		{F4F7949D-3D90-424D-81DE-A0C1C7955B42}.Release|Any CPU.ActiveCfg = Release|Any CPU
		{F4F7949D-3D90-424D-81DE-A0C1C7955B42}.Release|Any CPU.Build.0 = Release|Any CPU
		{79FB0912-E336-4081-A934-14EDB2BA90EA}.Debug|Any CPU.ActiveCfg = Debug|Any CPU
		{79FB0912-E336-4081-A934-14EDB2BA90EA}.Debug|Any CPU.Build.0 = Debug|Any CPU
		{79FB0912-E336-4081-A934-14EDB2BA90EA}.Release|Any CPU.ActiveCfg = Release|Any CPU
		{79FB0912-E336-4081-A934-14EDB2BA90EA}.Release|Any CPU.Build.0 = Release|Any CPU
		{CE90B856-38FB-485E-B1F3-FA9BE4FD888F}.Debug|Any CPU.ActiveCfg = Debug|Any CPU
		{CE90B856-38FB-485E-B1F3-FA9BE4FD888F}.Debug|Any CPU.Build.0 = Debug|Any CPU
		{CE90B856-38FB-485E-B1F3-FA9BE4FD888F}.Release|Any CPU.ActiveCfg = Release|Any CPU
		{CE90B856-38FB-485E-B1F3-FA9BE4FD888F}.Release|Any CPU.Build.0 = Release|Any CPU
		{A2AA9619-062B-4938-9DF7-29D79EE5811D}.Debug|Any CPU.ActiveCfg = Debug|Any CPU
		{A2AA9619-062B-4938-9DF7-29D79EE5811D}.Debug|Any CPU.Build.0 = Debug|Any CPU
		{A2AA9619-062B-4938-9DF7-29D79EE5811D}.Release|Any CPU.ActiveCfg = Release|Any CPU
		{A2AA9619-062B-4938-9DF7-29D79EE5811D}.Release|Any CPU.Build.0 = Release|Any CPU
		{DC778D96-85FB-47CC-9968-23BD0B42D85D}.Debug|Any CPU.ActiveCfg = Debug|Any CPU
		{DC778D96-85FB-47CC-9968-23BD0B42D85D}.Debug|Any CPU.Build.0 = Debug|Any CPU
		{DC778D96-85FB-47CC-9968-23BD0B42D85D}.Release|Any CPU.ActiveCfg = Release|Any CPU
		{DC778D96-85FB-47CC-9968-23BD0B42D85D}.Release|Any CPU.Build.0 = Release|Any CPU
		{104E01B6-B934-43BF-8812-9AB0CDC2BEEB}.Debug|Any CPU.ActiveCfg = Debug|Any CPU
		{104E01B6-B934-43BF-8812-9AB0CDC2BEEB}.Debug|Any CPU.Build.0 = Debug|Any CPU
		{104E01B6-B934-43BF-8812-9AB0CDC2BEEB}.Release|Any CPU.ActiveCfg = Release|Any CPU
		{104E01B6-B934-43BF-8812-9AB0CDC2BEEB}.Release|Any CPU.Build.0 = Release|Any CPU
		{96B14C7B-B5D9-4349-AF46-DA0614A3EBEE}.Debug|Any CPU.ActiveCfg = Debug|Any CPU
		{96B14C7B-B5D9-4349-AF46-DA0614A3EBEE}.Debug|Any CPU.Build.0 = Debug|Any CPU
		{96B14C7B-B5D9-4349-AF46-DA0614A3EBEE}.Release|Any CPU.ActiveCfg = Release|Any CPU
		{96B14C7B-B5D9-4349-AF46-DA0614A3EBEE}.Release|Any CPU.Build.0 = Release|Any CPU
		{536EF672-2F27-4810-BC50-84D7FE9076CD}.Debug|Any CPU.ActiveCfg = Debug|Any CPU
		{536EF672-2F27-4810-BC50-84D7FE9076CD}.Debug|Any CPU.Build.0 = Debug|Any CPU
		{536EF672-2F27-4810-BC50-84D7FE9076CD}.Release|Any CPU.ActiveCfg = Release|Any CPU
		{536EF672-2F27-4810-BC50-84D7FE9076CD}.Release|Any CPU.Build.0 = Release|Any CPU
	EndGlobalSection
	GlobalSection(SolutionProperties) = preSolution
		HideSolutionNode = FALSE
	EndGlobalSection
	GlobalSection(NestedProjects) = preSolution
		{7EE21D7F-EDC8-4191-B227-1837D4979B16} = {504F9367-5B48-4097-99B1-99D8B0C42047}
		{7D8F1F81-9E2E-4AEF-8EF9-EF37604F67E2} = {504F9367-5B48-4097-99B1-99D8B0C42047}
		{F2CC14AB-098A-4AAE-BDCF-DAE96E58E084} = {5801CC07-27E1-4555-BA30-74901D4D78B8}
		{F8F429D1-3ED6-4A31-9396-15BF297B16C1} = {C9EAD301-6235-4841-8F37-3E8CAB6CC43B}
		{FEB3B430-AA33-4986-BC19-E22FDFC47A2C} = {991BBFCC-FFB6-4221-A53F-FB8FD9A58B93}
		{F4F7949D-3D90-424D-81DE-A0C1C7955B42} = {991BBFCC-FFB6-4221-A53F-FB8FD9A58B93}
		{79FB0912-E336-4081-A934-14EDB2BA90EA} = {EE6931A2-00E4-4815-B242-1181DD42E6A3}
		{CE90B856-38FB-485E-B1F3-FA9BE4FD888F} = {991BBFCC-FFB6-4221-A53F-FB8FD9A58B93}
		{A2AA9619-062B-4938-9DF7-29D79EE5811D} = {EE6931A2-00E4-4815-B242-1181DD42E6A3}
		{DC778D96-85FB-47CC-9968-23BD0B42D85D} = {EE6931A2-00E4-4815-B242-1181DD42E6A3}
		{104E01B6-B934-43BF-8812-9AB0CDC2BEEB} = {991BBFCC-FFB6-4221-A53F-FB8FD9A58B93}
		{96B14C7B-B5D9-4349-AF46-DA0614A3EBEE} = {C9EAD301-6235-4841-8F37-3E8CAB6CC43B}
		{536EF672-2F27-4810-BC50-84D7FE9076CD} = {C9EAD301-6235-4841-8F37-3E8CAB6CC43B}
	EndGlobalSection
	GlobalSection(ExtensibilityGlobals) = postSolution
		SolutionGuid = {D0ECA035-5E20-4404-B8B5-0D328D3E1459}
	EndGlobalSection
EndGlobal
